{
  "name": "nodejs-test",
  "version": "1.0.0",
  "lockfileVersion": 3,
  "requires": true,
  "packages": {
    "": {
      "name": "nodejs-test",
      "version": "1.0.0",
      "license": "ISC",
      "dependencies": {
        "mclainsmt-cli-prompt": "^1.0.3"
      }
    },
    "node_modules/mclainsmt-cli-prompt": {
      "version": "1.0.3",
      "resolved": "https://registry.npmjs.org/mclainsmt-cli-prompt/-/mclainsmt-cli-prompt-1.0.3.tgz",
      "integrity": "sha512-UwteZGV0sApn6urVL4h+fHe6zNSA6aylrT5KevaoerZJHrbiRMcpQY2IBswdtMYKE7oC+M5lBt0epBqzrYbHWQ=="
    }
  }
}
